{
  "nodes": {
    "benchmark-init": {
      "flake": false,
      "locked": {
        "lastModified": 1741867258,
        "narHash": "sha256-woUqo6zPt/M87BtVFKX1MYEj8GWG4FOiaPvN1kLGjno=",
        "owner": "dholm",
        "repo": "benchmark-init-el",
        "rev": "6507caa3c4cb2a6c9b85c771c5e9e5aeb7d745bc",
        "type": "github"
      },
      "original": {
        "owner": "dholm",
        "repo": "benchmark-init-el",
        "type": "github"
      }
    },
    "dash": {
      "flake": false,
      "locked": {
        "lastModified": 1755165091,
        "narHash": "sha256-X1ugYAPFgoQoD6teyvGoqcfEau6Jp2akci2fAMgYkS0=",
        "owner": "magnars",
        "repo": "dash.el",
        "rev": "af5ea5d8a13735fa27d2c3e6f756d065639a7b45",
        "type": "github"
      },
      "original": {
        "owner": "magnars",
        "repo": "dash.el",
        "type": "github"
      }
    },
    "ef-themes": {
      "flake": false,
      "locked": {
        "lastModified": 1759554030,
        "narHash": "sha256-maGWugrKfsca/yZGeLzOrZyGKqx71acOdHHjMvavwhY=",
        "owner": "protesilaos",
        "repo": "ef-themes",
        "rev": "e6d68147588efd61e588483a4a59b4bf0322566e",
        "type": "github"
      },
      "original": {
        "owner": "protesilaos",
        "repo": "ef-themes",
        "type": "github"
      }
    },
    "gcmh": {
      "flake": false,
      "locked": {
        "lastModified": 1605567102,
        "narHash": "sha256-RXSs1ANy04eZAoz0ZdVVguNOEPome3AzIX1seNFVAXo=",
        "owner": "koral",
        "repo": "gcmh",
        "rev": "0089f9c3a6d4e9a310d0791cf6fa8f35642ecfd9",
        "type": "gitlab"
      },
      "original": {
        "owner": "koral",
        "repo": "gcmh",
        "type": "gitlab"
      }
    },
    "meow": {
      "flake": false,
      "locked": {
        "lastModified": 1757868847,
        "narHash": "sha256-vXdhvLbYruCXmo3Ej2QWFHCMPrkIcX3qOG3JhBY0o5k=",
        "owner": "meow-edit",
        "repo": "meow",
        "rev": "2246f593552c6208bac533de9af04b085fafa6fa",
        "type": "github"
      },
      "original": {
        "owner": "meow-edit",
        "repo": "meow",
        "type": "github"
      }
    },
    "meow-tree-sitter": {
      "flake": false,
      "locked": {
        "lastModified": 1747165728,
        "narHash": "sha256-4o8rJUDBjSSngFmQvkqOLvums8p+0ICtO4TanER8Yxc=",
        "owner": "skissue",
        "repo": "meow-tree-sitter",
        "rev": "b05d54a5e19f8ba0258b0bbf0ffcd4bc7bad112c",
        "type": "github"
      },
      "original": {
        "owner": "skissue",
        "repo": "meow-tree-sitter",
        "type": "github"
      }
    },
    "modus-themes": {
      "flake": false,
      "locked": {
        "lastModified": 1759676128,
        "narHash": "sha256-rbiSjhkRJEt0Kk+l8nfgtlIOWvHadzA5COnZDNW61Jo=",
        "owner": "protesilaos",
        "repo": "modus-themes",
        "rev": "563316fa8973a5a1d78431d1cd3625f1e5183c74",
        "type": "github"
      },
      "original": {
        "owner": "protesilaos",
        "repo": "modus-themes",
        "type": "github"
      }
    },
    "popup": {
      "flake": false,
      "locked": {
        "lastModified": 1755007360,
        "narHash": "sha256-3Rkb9mjOqOGuSsAa7yW83Ny4AxW3ClDieBeSIY9imXQ=",
        "owner": "auto-complete",
        "repo": "popup-el",
        "rev": "b189a4e8ccf18356395878c3d38a23df834d3898",
        "type": "github"
      },
      "original": {
        "owner": "auto-complete",
        "repo": "popup-el",
        "type": "github"
      }
    },
    "posframe": {
      "flake": false,
      "locked": {
        "lastModified": 1739236257,
        "narHash": "sha256-E03a24j9WvJJZpyjJ0nyciYQuBiZEwL0W+5hPuqUhes=",
        "owner": "tumashu",
        "repo": "posframe",
        "rev": "12f540c9ad5da09673b2bca1132b41f94c134e82",
        "type": "github"
      },
      "original": {
        "owner": "tumashu",
        "repo": "posframe",
        "type": "github"
      }
    },
    "rime": {
      "flake": false,
      "locked": {
        "lastModified": 1749881062,
        "narHash": "sha256-77EAwHoa0i6b//GkuYdC+3tQVbG+YJJzOVvNV0Nj6tk=",
        "owner": "DogLooksGood",
        "repo": "emacs-rime",
        "rev": "1b70d9cfbac9b11a934007f103b1abc9a034268f",
        "type": "github"
      },
      "original": {
        "owner": "DogLooksGood",
        "repo": "emacs-rime",
        "type": "github"
      }
    },
    "root": {
      "inputs": {
        "benchmark-init": "benchmark-init",
        "dash": "dash",
        "ef-themes": "ef-themes",
        "gcmh": "gcmh",
        "meow": "meow",
        "meow-tree-sitter": "meow-tree-sitter",
        "modus-themes": "modus-themes",
        "popup": "popup",
        "posframe": "posframe",
        "rime": "rime",
        "setup": "setup",
        "sis": "sis"
      }
    },
    "setup": {
      "flake": false,
      "locked": {
        "lastModified": 1735044405,
        "narHash": "sha256-cIIPrzQvQjBekM5YJcWUYDIp1xV/YBEKm5txdASl4qY=",
        "ref": "refs/heads/master",
        "rev": "992e7b49f0dbbd6979598902e67079fa9607febf",
        "revCount": 219,
        "type": "git",
        "url": "https://codeberg.org/pkal/setup.el"
      },
      "original": {
        "type": "git",
        "url": "https://codeberg.org/pkal/setup.el"
      }
    },
    "sis": {
      "flake": false,
      "locked": {
        "lastModified": 1745694997,
        "narHash": "sha256-k9OBf3vQRIlCV52BXbYG1GQx09wY8BAqC0kLN0EojNc=",
        "owner": "laishulu",
        "repo": "emacs-smart-input-source",
        "rev": "a438a90209289fd12156285c06ce98e13e2f5834",
        "type": "github"
      },
      "original": {
        "owner": "laishulu",
        "repo": "emacs-smart-input-source",
        "type": "github"
      }
    }
  },
  "root": "root",
  "version": 7
}
