{
  "nodes": {
    "benchmark-init": {
      "flake": false,
      "locked": {
        "lastModified": 1741867258,
        "narHash": "sha256-woUqo6zPt/M87BtVFKX1MYEj8GWG4FOiaPvN1kLGjno=",
        "owner": "dholm",
        "repo": "benchmark-init-el",
        "rev": "6507caa3c4cb2a6c9b85c771c5e9e5aeb7d745bc",
        "type": "github"
      },
      "original": {
        "owner": "dholm",
        "repo": "benchmark-init-el",
        "type": "github"
      }
    },
    "ef-themes": {
      "flake": false,
      "locked": {
        "lastModified": 1759554030,
        "narHash": "sha256-maGWugrKfsca/yZGeLzOrZyGKqx71acOdHHjMvavwhY=",
        "owner": "protesilaos",
        "repo": "ef-themes",
        "rev": "e6d68147588efd61e588483a4a59b4bf0322566e",
        "type": "github"
      },
      "original": {
        "owner": "protesilaos",
        "repo": "ef-themes",
        "type": "github"
      }
    },
    "gcmh": {
      "flake": false,
      "locked": {
        "lastModified": 1605567102,
        "narHash": "sha256-RXSs1ANy04eZAoz0ZdVVguNOEPome3AzIX1seNFVAXo=",
        "owner": "koral",
        "repo": "gcmh",
        "rev": "0089f9c3a6d4e9a310d0791cf6fa8f35642ecfd9",
        "type": "gitlab"
      },
      "original": {
        "owner": "koral",
        "repo": "gcmh",
        "type": "gitlab"
      }
    },
    "modus-themes": {
      "flake": false,
      "locked": {
        "lastModified": 1759676128,
        "narHash": "sha256-rbiSjhkRJEt0Kk+l8nfgtlIOWvHadzA5COnZDNW61Jo=",
        "owner": "protesilaos",
        "repo": "modus-themes",
        "rev": "563316fa8973a5a1d78431d1cd3625f1e5183c74",
        "type": "github"
      },
      "original": {
        "owner": "protesilaos",
        "repo": "modus-themes",
        "type": "github"
      }
    },
    "root": {
      "inputs": {
        "benchmark-init": "benchmark-init",
        "ef-themes": "ef-themes",
        "gcmh": "gcmh",
        "modus-themes": "modus-themes",
        "setup": "setup"
      }
    },
    "setup": {
      "flake": false,
      "locked": {
        "lastModified": 1735044405,
        "narHash": "sha256-cIIPrzQvQjBekM5YJcWUYDIp1xV/YBEKm5txdASl4qY=",
        "ref": "refs/heads/master",
        "rev": "992e7b49f0dbbd6979598902e67079fa9607febf",
        "revCount": 219,
        "type": "git",
        "url": "https://codeberg.org/pkal/setup.el"
      },
      "original": {
        "type": "git",
        "url": "https://codeberg.org/pkal/setup.el"
      }
    }
  },
  "root": "root",
  "version": 7
}
